# This file is generated by running "yarn install" inside your project.
# Manual changes might be lost - proceed with caution!

__metadata:
  version: 6
  cacheKey: 8

"@bufbuild/protobuf@npm:^2.12.1":
  version: 2.14.0
  resolution: "@bufbuild/protobuf@npm:2.14.0"
  checksum: 904533ce3054c76aa43520c35e12d3cafa5594f9a652ccd8d34c547156fc73c5a62bb8d77fb6f416adf8e357bd8e26f311e478a5df3ccb19e6310c827c518c9a
  languageName: node
  linkType: hard

"@connectrpc/connect-web@npm:^2.1.2":
  version: 2.1.2
  resolution: "@connectrpc/connect-web@npm:2.1.2"
  peerDependencies:
    "@bufbuild/protobuf": ^2.7.0
    "@connectrpc/connect": 2.1.2
  checksum: 5d906342e66038aba9d1546ab2ca2dcf377ed7e7809e1d28da5c9e164f2da64c94e568944d00a693c27ed9f842a168a1664928f3ca7b630af697651706147e6b
  languageName: node
  linkType: hard

"@connectrpc/connect@npm:^2.1.2":
  version: 2.1.2
  resolution: "@connectrpc/connect@npm:2.1.2"
  peerDependencies:
    "@bufbuild/protobuf": ^2.7.0
  checksum: 11d886eca1772bfb54640e26da3e3bacb1771033ce03ea31500bcd3848089805426275eca9b5580c14469e005931f502948bcce467e25921a9a13e0ed607ad82
  languageName: node
  linkType: hard

"@e2b/cli@npm:^2.16.1":
  version: 2.16.1
  resolution: "@e2b/cli@npm:2.16.1"
  dependencies:
    "@iarna/toml": ^2.2.5
    "@inquirer/prompts": ^7.9.0
    "@npmcli/package-json": ^7.0.5
    async-listen: ^3.0.1
    boxen: ^7.1.1
    chalk: ^5.3.0
    cli-highlight: ^2.1.11
    commander: ^11.1.0
    console-table-printer: ^2.11.2
    e2b: ^2.37.0
    handlebars: ^4.7.9
    inquirer: ^12.10.0
    simple-update-notifier: ^2.0.0
    statuses: ^2.0.1
    yup: ^1.3.2
  bin:
    e2b: dist/index.js
  checksum: fbbf89f5d790cce82f16208f7b3d37eb6925dd1194735d8e1e2ec5a0022def05d09aa4448176b5a5f1f1eb9d387f901c3aa46f94561b60eaa25a61102802af79
  languageName: node
  linkType: hard

"@gar/promise-retry@npm:^1.0.0":
  version: 1.0.3
  resolution: "@gar/promise-retry@npm:1.0.3"
  checksum: 0d13ea3bb1025755e055648f6e290d2a7e0c87affaf552218f09f66b3fcd9ea9d5c9cc5fe2aa6e285e1530437768e40f9448fe9a86f4f3417b216dcf488d3d1a
  languageName: node
  linkType: hard

"@iarna/toml@npm:^2.2.5":
  version: 2.2.5
  resolution: "@iarna/toml@npm:2.2.5"
  checksum: b63b2b2c4fd67969a6291543ada0303d45593801ee744b60f5390f183c03d9192bc67a217abb24be945158f1935f02840d9ffff40c0142aa171b5d3b6b6a3ea5
  languageName: node
  linkType: hard

"@inquirer/ansi@npm:^1.0.2":
  version: 1.0.2
  resolution: "@inquirer/ansi@npm:1.0.2"
  checksum: d1496e573a63ee6752bcf3fc93375cdabc55b0d60f0588fe7902282c710b223252ad318ff600ee904e48555634663b53fda517f5b29ce9fbda90bfae18592fbc
  languageName: node
  linkType: hard

"@inquirer/checkbox@npm:^4.3.2":
  version: 4.3.2
  resolution: "@inquirer/checkbox@npm:4.3.2"
  dependencies:
    "@inquirer/ansi": ^1.0.2
    "@inquirer/core": ^10.3.2
    "@inquirer/figures": ^1.0.15
    "@inquirer/type": ^3.0.10
    yoctocolors-cjs: ^2.1.3
  peerDependencies:
    "@types/node": ">=18"
  peerDependenciesMeta:
    "@types/node":
      optional: true
  checksum: cc632a15a6bab120aecba9dfbdd80b2f6a20875cc6f145918adf5b7a4c77fd778eb6fc620157640992d1c09f70e265a75caf0beb8b4b605adb830d936cbb5287
  languageName: node
  linkType: hard

"@inquirer/confirm@npm:^5.1.21":
  version: 5.1.21
  resolution: "@inquirer/confirm@npm:5.1.21"
  dependencies:
    "@inquirer/core": ^10.3.2
    "@inquirer/type": ^3.0.10
  peerDependencies:
    "@types/node": ">=18"
  peerDependenciesMeta:
    "@types/node":
      optional: true
  checksum: a107aa0073965ea510affb9e5b55baf40333503d600970c458c07770cd4e0eee01efc4caba66f0409b0fadc9550d127329622efb543cffcabff3ad0e7f865372
  languageName: node
  linkType: hard

"@inquirer/core@npm:^10.3.2":
  version: 10.3.2
  resolution: "@inquirer/core@npm:10.3.2"
  dependencies:
    "@inquirer/ansi": ^1.0.2
    "@inquirer/figures": ^1.0.15
    "@inquirer/type": ^3.0.10
    cli-width: ^4.1.0
    mute-stream: ^2.0.0
    signal-exit: ^4.1.0
    wrap-ansi: ^6.2.0
    yoctocolors-cjs: ^2.1.3
  peerDependencies:
    "@types/node": ">=18"
  peerDependenciesMeta:
    "@types/node":
      optional: true
  checksum: ca820e798e02b1d4aff2ad4a8057739abf4140918592ff8ab179f774cdbe51916f24267631e86741a85a48cfa1a08666149785b5e2437ca4b18ef10938486017
  languageName: node
  linkType: hard

"@inquirer/editor@npm:^4.2.23":
  version: 4.2.23
  resolution: "@inquirer/editor@npm:4.2.23"
  dependencies:
    "@inquirer/core": ^10.3.2
    "@inquirer/external-editor": ^1.0.3
    "@inquirer/type": ^3.0.10
  peerDependencies:
    "@types/node": ">=18"
  peerDependenciesMeta:
    "@types/node":
      optional: true
  checksum: 1b533213f89feae3b1ef9fe2b6c2345de812a6b4196462555fcb8f657ee9383341a5ec71c4ea1c61c7ad39738f60622ccea496b29340aa16bd3821860c2b55c0
  languageName: node
  linkType: hard

"@inquirer/expand@npm:^4.0.23":
  version: 4.0.23
  resolution: "@inquirer/expand@npm:4.0.23"
  dependencies:
    "@inquirer/core": ^10.3.2
    "@inquirer/type": ^3.0.10
    yoctocolors-cjs: ^2.1.3
  peerDependencies:
    "@types/node": ">=18"
  peerDependenciesMeta:
    "@types/node":
      optional: true
  checksum: 73ad1d6376e5efe2a452c33494d6d16ee2670c638ae470a795fdff4acb59a8e032e38e141f87b603b6e96320977519b375dac6471d86d5e3087a9c1db40e3111
  languageName: node
  linkType: hard

"@inquirer/external-editor@npm:^1.0.3":
  version: 1.0.3
  resolution: "@inquirer/external-editor@npm:1.0.3"
  dependencies:
    chardet: ^2.1.1
    iconv-lite: ^0.7.0
  peerDependencies:
    "@types/node": ">=18"
  peerDependenciesMeta:
    "@types/node":
      optional: true
  checksum: 9bd7a05247a00408c194648c74046d8a212df1e6b9fe0879b945ebfc35c2524e995e43f7ecd83f14d0bd4e31f985d18819efc31c27810e2c2b838ded7261431f
  languageName: node
  linkType: hard

"@inquirer/figures@npm:^1.0.15":
  version: 1.0.15
  resolution: "@inquirer/figures@npm:1.0.15"
  checksum: bd87a578ab667236cb72bdbb900cb144017dbc306d60e9dc7e665cd7d6b3097e9464cb4d8fe215315083a7820530caf86d7af59e7c41a35a555fb22a881913ad
  languageName: node
  linkType: hard

"@inquirer/input@npm:^4.3.1":
  version: 4.3.1
  resolution: "@inquirer/input@npm:4.3.1"
  dependencies:
    "@inquirer/core": ^10.3.2
    "@inquirer/type": ^3.0.10
  peerDependencies:
    "@types/node": ">=18"
  peerDependenciesMeta:
    "@types/node":
      optional: true
  checksum: 41956840a8b2832db6557d14e80bff2c7baf733bbd6c583b5caf10dbe7f3a11578c1a5478d2fa82f38dd53c81277a0cfaa48e634288730540043d02c80ac4556
  languageName: node
  linkType: hard

"@inquirer/number@npm:^3.0.23":
  version: 3.0.23
  resolution: "@inquirer/number@npm:3.0.23"
  dependencies:
    "@inquirer/core": ^10.3.2
    "@inquirer/type": ^3.0.10
  peerDependencies:
    "@types/node": ">=18"
  peerDependenciesMeta:
    "@types/node":
      optional: true
  checksum: 747db315fce9a95495f50dad38efa7041112caf78bcdfaa62529063dd87b839446acdcf5c8fdf64fc55dd4f80919aa6196813c145ca8e05112723f0cf2312ef7
  languageName: node
  linkType: hard

"@inquirer/password@npm:^4.0.23":
  version: 4.0.23
  resolution: "@inquirer/password@npm:4.0.23"
  dependencies:
    "@inquirer/ansi": ^1.0.2
    "@inquirer/core": ^10.3.2
    "@inquirer/type": ^3.0.10
  peerDependencies:
    "@types/node": ">=18"
  peerDependenciesMeta:
    "@types/node":
      optional: true
  checksum: 97364970b01c85946a4a50ad876c53ef0c1857a9144e24fad65e5dfa4b4e5dd42564fbcdfa2b49bb049a25d127efbe0882cb18afcdd47b166ebd01c6c4b5e825
  languageName: node
  linkType: hard

"@inquirer/prompts@npm:^7.10.1, @inquirer/prompts@npm:^7.9.0":
  version: 7.10.1
  resolution: "@inquirer/prompts@npm:7.10.1"
  dependencies:
    "@inquirer/checkbox": ^4.3.2
    "@inquirer/confirm": ^5.1.21
    "@inquirer/editor": ^4.2.23
    "@inquirer/expand": ^4.0.23
    "@inquirer/input": ^4.3.1
    "@inquirer/number": ^3.0.23
    "@inquirer/password": ^4.0.23
    "@inquirer/rawlist": ^4.1.11
    "@inquirer/search": ^3.2.2
    "@inquirer/select": ^4.4.2
  peerDependencies:
    "@types/node": ">=18"
  peerDependenciesMeta:
    "@types/node":
      optional: true
  checksum: eaa59a36181406dce10270932c6c33b0e44c8e92ad2d401d1b80f15627a253f36fb9103f5628b86a46d3112c88bd5e24d0a6b38c3f4eb126cee79f9776049a7d
  languageName: node
  linkType: hard

"@inquirer/rawlist@npm:^4.1.11":
  version: 4.1.11
  resolution: "@inquirer/rawlist@npm:4.1.11"
  dependencies:
    "@inquirer/core": ^10.3.2
    "@inquirer/type": ^3.0.10
    yoctocolors-cjs: ^2.1.3
  peerDependencies:
    "@types/node": ">=18"
  peerDependenciesMeta:
    "@types/node":
      optional: true
  checksum: 0d8f6484cfc20749190e95eecfb2d034bafb3644ec4907b84b1673646f5dd71730e38e35565ea98dfd240d8851e3cff653edafcc4e0af617054b127b407e3229
  languageName: node
  linkType: hard

"@inquirer/search@npm:^3.2.2":
  version: 3.2.2
  resolution: "@inquirer/search@npm:3.2.2"
  dependencies:
    "@inquirer/core": ^10.3.2
    "@inquirer/figures": ^1.0.15
    "@inquirer/type": ^3.0.10
    yoctocolors-cjs: ^2.1.3
  peerDependencies:
    "@types/node": ">=18"
  peerDependenciesMeta:
    "@types/node":
      optional: true
  checksum: 8259262fdd6f438d73721197b0338bc3807c55ce4fb348949240a2ed650d86e58223c6d4869cbf326078711cf952b0e8babb9b328cb35b7058f72a4f1d1a4eee
  languageName: node
  linkType: hard

"@inquirer/select@npm:^4.4.2":
  version: 4.4.2
  resolution: "@inquirer/select@npm:4.4.2"
  dependencies:
    "@inquirer/ansi": ^1.0.2
    "@inquirer/core": ^10.3.2
    "@inquirer/figures": ^1.0.15
    "@inquirer/type": ^3.0.10
    yoctocolors-cjs: ^2.1.3
  peerDependencies:
    "@types/node": ">=18"
  peerDependenciesMeta:
    "@types/node":
      optional: true
  checksum: 645bb274d71a5a1a913efd4c742f9c76665c17f5cf6b04e0c08dcd925bc86fdbe0d42218b58211cfd6d3749a71020db0fa83257aa0afb7295f859ae2648a31c6
  languageName: node
  linkType: hard

"@inquirer/type@npm:^3.0.10":
  version: 3.0.10
  resolution: "@inquirer/type@npm:3.0.10"
  peerDependencies:
    "@types/node": ">=18"
  peerDependenciesMeta:
    "@types/node":
      optional: true
  checksum: 57d113a9db7abc73326491e29bedc88ef362e53779f9f58a1b61225e0be068ce0c54e33cd65f4a13ca46131676fb72c3ef488463c4c9af0aa89680684c55d74c
  languageName: node
  linkType: hard

"@isaacs/fs-minipass@npm:^4.0.0":
  version: 4.0.1
  resolution: "@isaacs/fs-minipass@npm:4.0.1"
  dependencies:
    minipass: ^7.0.4
  checksum: 5d36d289960e886484362d9eb6a51d1ea28baed5f5d0140bbe62b99bac52eaf06cc01c2bc0d3575977962f84f6b2c4387b043ee632216643d4787b0999465bf2
  languageName: node
  linkType: hard

"@npmcli/git@npm:^7.0.0":
  version: 7.0.2
  resolution: "@npmcli/git@npm:7.0.2"
  dependencies:
    "@gar/promise-retry": ^1.0.0
    "@npmcli/promise-spawn": ^9.0.0
    ini: ^6.0.0
    lru-cache: ^11.2.1
    npm-pick-manifest: ^11.0.1
    proc-log: ^6.0.0
    semver: ^7.3.5
    which: ^6.0.0
  checksum: 864dbe22bd2a0871ed9d3351cee57d27c02825d943b66e816fe538044e956cb25d0259d79e7af50bb7f2ffd3c4bffbee9ffd1938521f4200403dee7fb724bfbe
  languageName: node
  linkType: hard

"@npmcli/package-json@npm:^7.0.5":
  version: 7.0.5
  resolution: "@npmcli/package-json@npm:7.0.5"
  dependencies:
    "@npmcli/git": ^7.0.0
    glob: ^13.0.0
    hosted-git-info: ^9.0.0
    json-parse-even-better-errors: ^5.0.0
    proc-log: ^6.0.0
    semver: ^7.5.3
    spdx-expression-parse: ^4.0.0
  checksum: 4501ae275dc86aeb28ec9f8470e7f07b21a5b94e8bb72aa034b836b29464db16095d2a6eeb37f960c6d38d2af35caf63e2c94e6594faa0813bc51345f3c30af6
  languageName: node
  linkType: hard

"@npmcli/promise-spawn@npm:^9.0.0":
  version: 9.0.1
  resolution: "@npmcli/promise-spawn@npm:9.0.1"
  dependencies:
    which: ^6.0.0
  checksum: 0b193c58408421b5eb07808efde4a6674a977f7d9ced63b28e90d9a6e238522f1776ed4a9f4b6b5455eb2c497eccf8ab82ea94f3cd41140fceca794763bb3e35
  languageName: node
  linkType: hard

"ansi-align@npm:^3.0.1":
  version: 3.0.1
  resolution: "ansi-align@npm:3.0.1"
  dependencies:
    string-width: ^4.1.0
  checksum: 6abfa08f2141d231c257162b15292467081fa49a208593e055c866aa0455b57f3a86b5a678c190c618faa79b4c59e254493099cb700dd9cf2293c6be2c8f5d8d
  languageName: node
  linkType: hard

"ansi-regex@npm:^5.0.1":
  version: 5.0.1
  resolution: "ansi-regex@npm:5.0.1"
  checksum: 2aa4bb54caf2d622f1afdad09441695af2a83aa3fe8b8afa581d205e57ed4261c183c4d3877cee25794443fde5876417d859c108078ab788d6af7e4fe52eb66b
  languageName: node
  linkType: hard

"ansi-regex@npm:^6.0.1":
  version: 6.1.0
  resolution: "ansi-regex@npm:6.1.0"
  checksum: 495834a53b0856c02acd40446f7130cb0f8284f4a39afdab20d5dc42b2e198b1196119fe887beed8f9055c4ff2055e3b2f6d4641d0be018cdfb64fedf6fc1aac
  languageName: node
  linkType: hard

"ansi-styles@npm:^4.0.0, ansi-styles@npm:^4.1.0":
  version: 4.3.0
  resolution: "ansi-styles@npm:4.3.0"
  dependencies:
    color-convert: ^2.0.1
  checksum: 513b44c3b2105dd14cc42a19271e80f386466c4be574bccf60b627432f9198571ebf4ab1e4c3ba17347658f4ee1711c163d574248c0c1cdc2d5917a0ad582ec4
  languageName: node
  linkType: hard

"ansi-styles@npm:^6.1.0":
  version: 6.2.1
  resolution: "ansi-styles@npm:6.2.1"
  checksum: ef940f2f0ced1a6347398da88a91da7930c33ecac3c77b72c5905f8b8fe402c52e6fde304ff5347f616e27a742da3f1dc76de98f6866c69251ad0b07a66776d9
  languageName: node
  linkType: hard

"any-promise@npm:^1.0.0":
  version: 1.3.0
  resolution: "any-promise@npm:1.3.0"
  checksum: 0ee8a9bdbe882c90464d75d1f55cf027f5458650c4bd1f0467e65aec38ccccda07ca5844969ee77ed46d04e7dded3eaceb027e8d32f385688523fe305fa7e1de
  languageName: node
  linkType: hard

"async-listen@npm:^3.0.1":
  version: 3.1.0
  resolution: "async-listen@npm:3.1.0"
  checksum: c88731a07936ec382397d82b1700248d5407771befbf58bcb355b10922bf84bae87ee70794bdf9ed2e32573762e3f684c6700ed9a4db4fb11383155383ec466e
  languageName: node
  linkType: hard

"balanced-match@npm:^4.0.2":
  version: 4.0.4
  resolution: "balanced-match@npm:4.0.4"
  checksum: fb07bb66a0959c2843fc055838047e2a95ccebb837c519614afb067ebfdf2fa967ca8d712c35ced07f2cd26fc6f07964230b094891315ad74f11eba3d53178a0
  languageName: node
  linkType: hard

"boxen@npm:^7.1.1":
  version: 7.1.1
  resolution: "boxen@npm:7.1.1"
  dependencies:
    ansi-align: ^3.0.1
    camelcase: ^7.0.1
    chalk: ^5.2.0
    cli-boxes: ^3.0.0
    string-width: ^5.1.2
    type-fest: ^2.13.0
    widest-line: ^4.0.1
    wrap-ansi: ^8.1.0
  checksum: ad8833d5f2845b0a728fdf8a0bc1505dff0c518edcb0fd56979a08774b1f26cf48b71e66532179ccdfb9ed95b64aa008689cca26f7776f93f002b8000a683d76
  languageName: node
  linkType: hard

"brace-expansion@npm:^5.0.8":
  version: 5.0.9
  resolution: "brace-expansion@npm:5.0.9"
  dependencies:
    balanced-match: ^4.0.2
  checksum: 81d14bf63c4683fa03163320a0686ee34e67c4fba8525c26949cae42aae6020369a3263f01345ec456a8bc572ab762f85216d6700997ae9ef3eeecb7f3d8b28a
  languageName: node
  linkType: hard

"camelcase@npm:^7.0.1":
  version: 7.0.1
  resolution: "camelcase@npm:7.0.1"
  checksum: 86ab8f3ebf08bcdbe605a211a242f00ed30d8bfb77dab4ebb744dd36efbc84432d1c4adb28975ba87a1b8be40a80fbd1e60e2f06565315918fa7350011a26d3d
  languageName: node
  linkType: hard

"chalk@npm:^4.0.0":
  version: 4.1.2
  resolution: "chalk@npm:4.1.2"
  dependencies:
    ansi-styles: ^4.1.0
    supports-color: ^7.1.0
  checksum: fe75c9d5c76a7a98d45495b91b2172fa3b7a09e0cc9370e5c8feb1c567b85c4288e2b3fded7cfdd7359ac28d6b3844feb8b82b8686842e93d23c827c417e83fc
  languageName: node
  linkType: hard

"chalk@npm:^5.2.0, chalk@npm:^5.3.0":
  version: 5.4.1
  resolution: "chalk@npm:5.4.1"
  checksum: 0c656f30b782fed4d99198825c0860158901f449a6b12b818b0aabad27ec970389e7e8767d0e00762175b23620c812e70c4fd92c0210e55fc2d993638b74e86e
  languageName: node
  linkType: hard

"chardet@npm:^2.1.1":
  version: 2.2.0
  resolution: "chardet@npm:2.2.0"
  checksum: da8220ab6440ec482b006849487c275fa51b9bd30ff18f805b3afb06f71b62f017270dba35209f4a5b235371747cec8cb32086874cc63e2d1012e8e2e222a6f9
  languageName: node
  linkType: hard

"chownr@npm:^3.0.0":
  version: 3.0.0
  resolution: "chownr@npm:3.0.0"
  checksum: fd73a4bab48b79e66903fe1cafbdc208956f41ea4f856df883d0c7277b7ab29fd33ee65f93b2ec9192fc0169238f2f8307b7735d27c155821d886b84aa97aa8d
  languageName: node
  linkType: hard

"cli-boxes@npm:^3.0.0":
  version: 3.0.0
  resolution: "cli-boxes@npm:3.0.0"
  checksum: 637d84419d293a9eac40a1c8c96a2859e7d98b24a1a317788e13c8f441be052fc899480c6acab3acc82eaf1bccda6b7542d7cdcf5c9c3cc39227175dc098d5b2
  languageName: node
  linkType: hard

"cli-highlight@npm:^2.1.11":
  version: 2.1.11
  resolution: "cli-highlight@npm:2.1.11"
  dependencies:
    chalk: ^4.0.0
    highlight.js: ^10.7.1
    mz: ^2.4.0
    parse5: ^5.1.1
    parse5-htmlparser2-tree-adapter: ^6.0.0
    yargs: ^16.0.0
  bin:
    highlight: bin/highlight
  checksum: 0a60e60545e39efea78c1732a25b91692017ec40fb6e9497208dc0eeeae69991d3923a8d6e4edd0543db3c395ed14529a33dd4d0353f1679c5b6dded792a8496
  languageName: node
  linkType: hard

"cli-width@npm:^4.1.0":
  version: 4.1.0
  resolution: "cli-width@npm:4.1.0"
  checksum: 0a79cff2dbf89ef530bcd54c713703ba94461457b11e5634bd024c78796ed21401e32349c004995954e06f442d82609287e7aabf6a5f02c919a1cf3b9b6854ff
  languageName: node
  linkType: hard

"cliui@npm:^7.0.2":
  version: 7.0.4
  resolution: "cliui@npm:7.0.4"
  dependencies:
    string-width: ^4.2.0
    strip-ansi: ^6.0.0
    wrap-ansi: ^7.0.0
  checksum: ce2e8f578a4813806788ac399b9e866297740eecd4ad1823c27fd344d78b22c5f8597d548adbcc46f0573e43e21e751f39446c5a5e804a12aace402b7a315d7f
  languageName: node
  linkType: hard

"color-convert@npm:^2.0.1":
  version: 2.0.1
  resolution: "color-convert@npm:2.0.1"
  dependencies:
    color-name: ~1.1.4
  checksum: 79e6bdb9fd479a205c71d89574fccfb22bd9053bd98c6c4d870d65c132e5e904e6034978e55b43d69fcaa7433af2016ee203ce76eeba9cfa554b373e7f7db336
  languageName: node
  linkType: hard

"color-name@npm:~1.1.4":
  version: 1.1.4
  resolution: "color-name@npm:1.1.4"
  checksum: b0445859521eb4021cd0fb0cc1a75cecf67fceecae89b63f62b201cca8d345baf8b952c966862a9d9a2632987d4f6581f0ec8d957dfacece86f0a7919316f610
  languageName: node
  linkType: hard

"commander@npm:^11.1.0":
  version: 11.1.0
  resolution: "commander@npm:11.1.0"
  checksum: fd1a8557c6b5b622c89ecdfde703242ab7db3b628ea5d1755784c79b8e7cb0d74d65b4a262289b533359cd58e1bfc0bf50245dfbcd2954682a6f367c828b79ef
  languageName: node
  linkType: hard

"compare-versions@npm:^6.1.0":
  version: 6.1.1
  resolution: "compare-versions@npm:6.1.1"
  checksum: 73fe6c4f52d22efe28f0a3be10df2afd704e10b3593360cd963e86b33a7a263c263b41a1361b69c30a0fe68bfa70fef90860c1cf2ef41502629d4402890fcd57
  languageName: node
  linkType: hard

"console-table-printer@npm:^2.11.2":
  version: 2.12.1
  resolution: "console-table-printer@npm:2.12.1"
  dependencies:
    simple-wcswidth: ^1.0.1
  checksum: 4d58fd4f18d3a69f421c9b0ffd44e5b0542677423491199e92c3e5ca0c023a06304a94bcc60f0d2b480a06cdf0720d2f228807f2af127abc8c905e73fcf64363
  languageName: node
  linkType: hard

"dockerfile-ast@npm:^0.7.1":
  version: 0.7.1
  resolution: "dockerfile-ast@npm:0.7.1"
  dependencies:
    vscode-languageserver-textdocument: ^1.0.8
    vscode-languageserver-types: ^3.17.3
  checksum: ab6d1f8dd9962f71c6b56594d9cc8924fc5f65b148bc9e582b5b3107aa42173e2556a15ea221f1a892b437d903334abbe9605eeeccc5d4fad828717c7d1f1884
  languageName: node
  linkType: hard

"e2b@npm:^2.37.0":
  version: 2.42.0
  resolution: "e2b@npm:2.42.0"
  dependencies:
    "@bufbuild/protobuf": ^2.12.1
    "@connectrpc/connect": ^2.1.2
    "@connectrpc/connect-web": ^2.1.2
    chalk: ^5.3.0
    compare-versions: ^6.1.0
    dockerfile-ast: ^0.7.1
    glob: ^13.0.6
    openapi-fetch: ^0.14.1
    platform: ^1.3.6
    tar: ^7.5.19
    undici: ^7.29.0
    undici8: "npm:undici@8.10.0"
  dependenciesMeta:
    undici8:
      optional: true
  checksum: 8d088a3bb48de38e4244fee600e1a879bd11d0d4388cf1a0c63b5de7f6168b23bd300fd04a598a1649131e0195d6cca7040a1e31456ec6df9779aad9253bbd7a
  languageName: node
  linkType: hard

"eastasianwidth@npm:^0.2.0":
  version: 0.2.0
  resolution: "eastasianwidth@npm:0.2.0"
  checksum: 7d00d7cd8e49b9afa762a813faac332dee781932d6f2c848dc348939c4253f1d4564341b7af1d041853bc3f32c2ef141b58e0a4d9862c17a7f08f68df1e0f1ed
  languageName: node
  linkType: hard

"emoji-regex@npm:^8.0.0":
  version: 8.0.0
  resolution: "emoji-regex@npm:8.0.0"
  checksum: d4c5c39d5a9868b5fa152f00cada8a936868fd3367f33f71be515ecee4c803132d11b31a6222b2571b1e5f7e13890156a94880345594d0ce7e3c9895f560f192
  languageName: node
  linkType: hard

"emoji-regex@npm:^9.2.2":
  version: 9.2.2
  resolution: "emoji-regex@npm:9.2.2"
  checksum: 8487182da74aabd810ac6d6f1994111dfc0e331b01271ae01ec1eb0ad7b5ecc2bbbbd2f053c05cb55a1ac30449527d819bbfbf0e3de1023db308cbcb47f86601
  languageName: node
  linkType: hard

"escalade@npm:^3.1.1":
  version: 3.2.0
  resolution: "escalade@npm:3.2.0"
  checksum: 47b029c83de01b0d17ad99ed766347b974b0d628e848de404018f3abee728e987da0d2d370ad4574aa3d5b5bfc368754fd085d69a30f8e75903486ec4b5b709e
  languageName: node
  linkType: hard

"get-caller-file@npm:^2.0.5":
  version: 2.0.5
  resolution: "get-caller-file@npm:2.0.5"
  checksum: b9769a836d2a98c3ee734a88ba712e62703f1df31b94b784762c433c27a386dd6029ff55c2a920c392e33657d80191edbf18c61487e198844844516f843496b9
  languageName: node
  linkType: hard

"glob@npm:^13.0.0, glob@npm:^13.0.6":
  version: 13.0.6
  resolution: "glob@npm:13.0.6"
  dependencies:
    minimatch: ^10.2.2
    minipass: ^7.1.3
    path-scurry: ^2.0.2
  checksum: 1eb421c696c66af3c26e4845dbdd222d3b982ede17448456b49272722d872e9a91741b50e4e827370c57d17a39a69790061f45033523f085c076d8fcc0f69d2b
  languageName: node
  linkType: hard

"handlebars@npm:^4.7.9":
  version: 4.7.9
  resolution: "handlebars@npm:4.7.9"
  dependencies:
    minimist: ^1.2.5
    neo-async: ^2.6.2
    source-map: ^0.6.1
    uglify-js: ^3.1.4
    wordwrap: ^1.0.0
  dependenciesMeta:
    uglify-js:
      optional: true
  bin:
    handlebars: bin/handlebars
  checksum: ac39070fc1c3c76a654e4b526383eaf1601976eaa474547b263915b4806977f083600e586ca923709baeed7c82a42640bcc9cc04c37a7efd3fb444f49b8347d6
  languageName: node
  linkType: hard

"has-flag@npm:^4.0.0":
  version: 4.0.0
  resolution: "has-flag@npm:4.0.0"
  checksum: 261a1357037ead75e338156b1f9452c016a37dcd3283a972a30d9e4a87441ba372c8b81f818cd0fbcd9c0354b4ae7e18b9e1afa1971164aef6d18c2b6095a8ad
  languageName: node
  linkType: hard

"highlight.js@npm:^10.7.1":
  version: 10.7.3
  resolution: "highlight.js@npm:10.7.3"
  checksum: defeafcd546b535d710d8efb8e650af9e3b369ef53e28c3dc7893eacfe263200bba4c5fcf43524ae66d5c0c296b1af0870523ceae3e3104d24b7abf6374a4fea
  languageName: node
  linkType: hard

"hosted-git-info@npm:^9.0.0":
  version: 9.0.3
  resolution: "hosted-git-info@npm:9.0.3"
  dependencies:
    lru-cache: ^11.1.0
  checksum: 7a7feb52e494e6dd4bf1f9e407693990fdbd0b23554961cd814029c89b1f6a6327e5ea90bd2331012ae86575be7ac883a4f25ae15695a020a4acf5c97ff96758
  languageName: node
  linkType: hard

"iconv-lite@npm:^0.7.0":
  version: 0.7.3
  resolution: "iconv-lite@npm:0.7.3"
  dependencies:
    safer-buffer: ">= 2.1.2 < 3.0.0"
  checksum: 36b3dc2f5a25c2cac15f7df42a1f23e796f1616b2b4103b205a5c237d9b40483184a8c07bbc2d72b01ca28f4770506fad5a43203adae9c97a5d4733af684b6a8
  languageName: node
  linkType: hard

"ini@npm:^6.0.0":
  version: 6.0.0
  resolution: "ini@npm:6.0.0"
  checksum: 82640ea788fac082fdf0a4d901654b0d4a32a62524cb9116206d2d66370fb12468af8bcdec0cafc2ceec71eb095919bf07410ce023e205383d3ae4d6c25b3626
  languageName: node
  linkType: hard

"inquirer@npm:^12.10.0":
  version: 12.11.1
  resolution: "inquirer@npm:12.11.1"
  dependencies:
    "@inquirer/ansi": ^1.0.2
    "@inquirer/core": ^10.3.2
    "@inquirer/prompts": ^7.10.1
    "@inquirer/type": ^3.0.10
    mute-stream: ^2.0.0
    run-async: ^4.0.6
    rxjs: ^7.8.2
  peerDependencies:
    "@types/node": ">=18"
  peerDependenciesMeta:
    "@types/node":
      optional: true
  checksum: 27dce4cd77d240cd63391be1d2a355a5d809798c10095bcee0b8a52a0a3422916befa22b0bfe81f5cb812d19da0df3f6cfbdbdef577cb5156f9ca96d9a2f76f5
  languageName: node
  linkType: hard

"is-fullwidth-code-point@npm:^3.0.0":
  version: 3.0.0
  resolution: "is-fullwidth-code-point@npm:3.0.0"
  checksum: 44a30c29457c7fb8f00297bce733f0a64cd22eca270f83e58c105e0d015e45c019491a4ab2faef91ab51d4738c670daff901c799f6a700e27f7314029e99e348
  languageName: node
  linkType: hard

"isexe@npm:^4.0.0":
  version: 4.0.0
  resolution: "isexe@npm:4.0.0"
  checksum: 2ead327ef596042ef9c9ec5f236b316acfaedb87f4bb61b3c3d574fb2e9c8a04b67305e04733bde52c24d9622fdebd3270aadb632adfbf9cadef88fe30f479e5
  languageName: node
  linkType: hard

"json-parse-even-better-errors@npm:^5.0.0":
  version: 5.0.0
  resolution: "json-parse-even-better-errors@npm:5.0.0"
  checksum: b5aeaa65e072bc3bda2cb1da50bf1822814b4aa7c568e7c2bed25af89d730f113dcb74393da574c0a32e889eeba4a826db600b8a6ecef917c59c8c6b38f2efaa
  languageName: node
  linkType: hard

"lru-cache@npm:^11.0.0, lru-cache@npm:^11.1.0, lru-cache@npm:^11.2.1":
  version: 11.5.2
  resolution: "lru-cache@npm:11.5.2"
  checksum: ea040bdd8255384d1965c09983e1357ef6eca044747917c2f9db610f3fc773a518ea86bbcffb3b376f793ed61729f240c69cc5593ec89062d64e31c50973f3c0
  languageName: node
  linkType: hard

"minimatch@npm:^10.2.2":
  version: 10.2.6
  resolution: "minimatch@npm:10.2.6"
  dependencies:
    brace-expansion: ^5.0.8
  checksum: 6f3d0ba7654a6d667dc1787a3684192d65e130cbcf02c1b0cf0d0b2f7f69ab41703d4d255dc171632dc25994527a35fb6ea7d44cc6132e4d93de5a2efb210bd1
  languageName: node
  linkType: hard

"minimist@npm:^1.2.5":
  version: 1.2.8
  resolution: "minimist@npm:1.2.8"
  checksum: 75a6d645fb122dad29c06a7597bddea977258957ed88d7a6df59b5cd3fe4a527e253e9bbf2e783e4b73657f9098b96a5fe96ab8a113655d4109108577ecf85b0
  languageName: node
  linkType: hard

"minipass@npm:^7.0.4, minipass@npm:^7.1.2, minipass@npm:^7.1.3":
  version: 7.1.3
  resolution: "minipass@npm:7.1.3"
  checksum: 2ede17c0bf8fec499be3360fd07f0ec7666189e3907320a9b653f1530cf84af98928c5b12d80bfb75f321833bf2e97785b940540213ebdafe97a5f10327e664d
  languageName: node
  linkType: hard

"minizlib@npm:^3.1.0":
  version: 3.1.0
  resolution: "minizlib@npm:3.1.0"
  dependencies:
    minipass: ^7.1.2
  checksum: a15e6f0128f514b7d41a1c68ce531155447f4669e32d279bba1c1c071ef6c2abd7e4d4579bb59ccc2ed1531346749665968fdd7be8d83eb6b6ae2fe1f3d370a7
  languageName: node
  linkType: hard

"mute-stream@npm:^2.0.0":
  version: 2.0.0
  resolution: "mute-stream@npm:2.0.0"
  checksum: d2e4fd2f5aa342b89b98134a8d899d8ef9b0a6d69274c4af9df46faa2d97aeb1f2ce83d867880d6de63643c52386579b99139801e24e7526c3b9b0a6d1e18d6c
  languageName: node
  linkType: hard

"mz@npm:^2.4.0":
  version: 2.7.0
  resolution: "mz@npm:2.7.0"
  dependencies:
    any-promise: ^1.0.0
    object-assign: ^4.0.1
    thenify-all: ^1.0.0
  checksum: 8427de0ece99a07e9faed3c0c6778820d7543e3776f9a84d22cf0ec0a8eb65f6e9aee9c9d353ff9a105ff62d33a9463c6ca638974cc652ee8140cd1e35951c87
  languageName: node
  linkType: hard

"neo-async@npm:^2.6.2":
  version: 2.6.2
  resolution: "neo-async@npm:2.6.2"
  checksum: deac9f8d00eda7b2e5cd1b2549e26e10a0faa70adaa6fdadca701cc55f49ee9018e427f424bac0c790b7c7e2d3068db97f3093f1093975f2acb8f8818b936ed9
  languageName: node
  linkType: hard

"npm-install-checks@npm:^8.0.0":
  version: 8.0.0
  resolution: "npm-install-checks@npm:8.0.0"
  dependencies:
    semver: ^7.1.1
  checksum: 7a58a84b676ea7fa8b40dca71c93161f77d9c60f1ac2786c7c502009674ee64058f0c628f8fbbb0bbb247bf4924b535549bdb8956e20c2e5337dee04184b2d4c
  languageName: node
  linkType: hard

"npm-normalize-package-bin@npm:^5.0.0":
  version: 5.0.0
  resolution: "npm-normalize-package-bin@npm:5.0.0"
  checksum: 969bc042d7bb029b5da7eb733e7642b238e3cb071ad57b56a3f128069bc1a3cbc2a4f4af30ee75b11660c368d60b89811ecd1430cf2ea1a7ff36f30052a4aeda
  languageName: node
  linkType: hard

"npm-package-arg@npm:^13.0.0":
  version: 13.0.2
  resolution: "npm-package-arg@npm:13.0.2"
  dependencies:
    hosted-git-info: ^9.0.0
    proc-log: ^6.0.0
    semver: ^7.3.5
    validate-npm-package-name: ^7.0.0
  checksum: 2b84c322975403f20716a1e89ee6287edb1122fb1ef95b6840738f46db11d6fd511d1caedb33d64146a146b64aacc3d30596646db298f7e8f99fc6ccd4251f79
  languageName: node
  linkType: hard

"npm-pick-manifest@npm:^11.0.1":
  version: 11.0.3
  resolution: "npm-pick-manifest@npm:11.0.3"
  dependencies:
    npm-install-checks: ^8.0.0
    npm-normalize-package-bin: ^5.0.0
    npm-package-arg: ^13.0.0
    semver: ^7.3.5
  checksum: e3247d06d6866f9903ab4dfd92a2dc823ef418fd447fe88d099ec880ffa7ed15837b56f1c77841fb851440a520aa5a1bc810b5309715d49c5d234be35f33c6b4
  languageName: node
  linkType: hard

"object-assign@npm:^4.0.1":
  version: 4.1.1
  resolution: "object-assign@npm:4.1.1"
  checksum: fcc6e4ea8c7fe48abfbb552578b1c53e0d194086e2e6bbbf59e0a536381a292f39943c6e9628af05b5528aa5e3318bb30d6b2e53cadaf5b8fe9e12c4b69af23f
  languageName: node
  linkType: hard

"openapi-fetch@npm:^0.14.1":
  version: 0.14.1
  resolution: "openapi-fetch@npm:0.14.1"
  dependencies:
    openapi-typescript-helpers: ^0.0.15
  checksum: 0e1b62911b01b131fdfee14ebafb24a6a737e98b619ad623fa7c07e66c447889095d141c233a6c9df361234968f3c28b8882d05213a98144f9ddb386bd4c5b7e
  languageName: node
  linkType: hard

"openapi-typescript-helpers@npm:^0.0.15":
  version: 0.0.15
  resolution: "openapi-typescript-helpers@npm:0.0.15"
  checksum: feec0f25d708aaacc086dafd3e21001329b47984f30e24877b34d053fbccd52f3b3a19b1715fda2ed5afaca7056872576eed7de8f64855d2472507dc6df626ca
  languageName: node
  linkType: hard

"openevals-e2b-sandbox-templates@workspace:.":
  version: 0.0.0-use.local
  resolution: "openevals-e2b-sandbox-templates@workspace:."
  dependencies:
    "@e2b/cli": ^2.16.1
  languageName: unknown
  linkType: soft

"parse5-htmlparser2-tree-adapter@npm:^6.0.0":
  version: 6.0.1
  resolution: "parse5-htmlparser2-tree-adapter@npm:6.0.1"
  dependencies:
    parse5: ^6.0.1
  checksum: 1848378b355d027915645c13f13f982e60502d201f53bc2067a508bf2dba4aac08219fc781dcd160167f5f50f0c73f58d20fa4fb3d90ee46762c20234fa90a6d
  languageName: node
  linkType: hard

"parse5@npm:^5.1.1":
  version: 5.1.1
  resolution: "parse5@npm:5.1.1"
  checksum: 613a714af4c1101d1cb9f7cece2558e35b9ae8a0c03518223a4a1e35494624d9a9ad5fad4c13eab66a0e0adccd9aa3d522fc8f5f9cc19789e0579f3fa0bdfc65
  languageName: node
  linkType: hard

"parse5@npm:^6.0.1":
  version: 6.0.1
  resolution: "parse5@npm:6.0.1"
  checksum: 7d569a176c5460897f7c8f3377eff640d54132b9be51ae8a8fa4979af940830b2b0c296ce75e5bd8f4041520aadde13170dbdec44889975f906098ea0002f4bd
  languageName: node
  linkType: hard

"path-scurry@npm:^2.0.2":
  version: 2.0.2
  resolution: "path-scurry@npm:2.0.2"
  dependencies:
    lru-cache: ^11.0.0
    minipass: ^7.1.2
  checksum: a723afe86e342e19dd1b49ce4f5b64a9a84b1e2e07ffc62f051c11623ecd461b1bf1599eee1ecacfce03dda8b6bb866a5df80c0ded45375d258ff22f631920a7
  languageName: node
  linkType: hard

"platform@npm:^1.3.6":
  version: 1.3.6
  resolution: "platform@npm:1.3.6"
  checksum: 6f472a09c61d418c7e26c1c16d0bdc029549d512dbec6526216a1e59ec68100d07007d0097dcba69dddad883d6f2a83361b4bdfe0094a3d9a2af24158643d85e
  languageName: node
  linkType: hard

"proc-log@npm:^6.0.0":
  version: 6.1.0
  resolution: "proc-log@npm:6.1.0"
  checksum: ac450ff8244e95b0c9935b52d629fef92ae69b7e39aea19972a8234259614d644402dd62ce9cb094f4a637d8a4514cba90c1456ad785a40ad5b64d502875a817
  languageName: node
  linkType: hard

"property-expr@npm:^2.0.5":
  version: 2.0.6
  resolution: "property-expr@npm:2.0.6"
  checksum: 89977f4bb230736c1876f460dd7ca9328034502fd92e738deb40516d16564b850c0bbc4e052c3df88b5b8cd58e51c93b46a94bea049a3f23f4a022c038864cab
  languageName: node
  linkType: hard

"require-directory@npm:^2.1.1":
  version: 2.1.1
  resolution: "require-directory@npm:2.1.1"
  checksum: fb47e70bf0001fdeabdc0429d431863e9475e7e43ea5f94ad86503d918423c1543361cc5166d713eaa7029dd7a3d34775af04764bebff99ef413111a5af18c80
  languageName: node
  linkType: hard

"run-async@npm:^4.0.6":
  version: 4.0.6
  resolution: "run-async@npm:4.0.6"
  checksum: 1338a046d4f4ea03a62dfcb426d44af8c9991221ec74983e52845cbb7ee0c685dc0e9e07cbb6958ee6a1103b7a66c0204b86e110e37909965a92e6fbb7b3b837
  languageName: node
  linkType: hard

"rxjs@npm:^7.8.2":
  version: 7.8.2
  resolution: "rxjs@npm:7.8.2"
  dependencies:
    tslib: ^2.1.0
  checksum: 2f233d7c832a6c255dabe0759014d7d9b1c9f1cb2f2f0d59690fd11c883c9826ea35a51740c06ab45b6ade0d9087bde9192f165cba20b6730d344b831ef80744
  languageName: node
  linkType: hard

"safer-buffer@npm:>= 2.1.2 < 3.0.0":
  version: 2.1.2
  resolution: "safer-buffer@npm:2.1.2"
  checksum: cab8f25ae6f1434abee8d80023d7e72b598cf1327164ddab31003c51215526801e40b66c5e65d658a0af1e9d6478cadcb4c745f4bd6751f97d8644786c0978b0
  languageName: node
  linkType: hard

"semver@npm:^7.1.1, semver@npm:^7.5.3":
  version: 7.8.5
  resolution: "semver@npm:7.8.5"
  bin:
    semver: bin/semver.js
  checksum: 0c580f17e88e2b45806dc5cf3d824f719c946999d3554bf30307c2b68b3300ab3c8bfcd84d8f489b93b4cbb5362f5fc8de4d2858954f18d834253c4450fc9f6b
  languageName: node
  linkType: hard

"semver@npm:^7.3.5":
  version: 7.7.1
  resolution: "semver@npm:7.7.1"
  bin:
    semver: bin/semver.js
  checksum: 586b825d36874007c9382d9e1ad8f93888d8670040add24a28e06a910aeebd673a2eb9e3bf169c6679d9245e66efb9057e0852e70d9daa6c27372aab1dda7104
  languageName: node
  linkType: hard

"signal-exit@npm:^4.1.0":
  version: 4.1.0
  resolution: "signal-exit@npm:4.1.0"
  checksum: 64c757b498cb8629ffa5f75485340594d2f8189e9b08700e69199069c8e3070fb3e255f7ab873c05dc0b3cec412aea7402e10a5990cb6a050bd33ba062a6c549
  languageName: node
  linkType: hard

"simple-update-notifier@npm:^2.0.0":
  version: 2.0.0
  resolution: "simple-update-notifier@npm:2.0.0"
  dependencies:
    semver: ^7.5.3
  checksum: 9ba00d38ce6a29682f64a46213834e4eb01634c2f52c813a9a7b8873ca49cdbb703696f3290f3b27dc067de6d9418b0b84bef22c3eb074acf352529b2d6c27fd
  languageName: node
  linkType: hard

"simple-wcswidth@npm:^1.0.1":
  version: 1.0.1
  resolution: "simple-wcswidth@npm:1.0.1"
  checksum: dc5bf4cb131d9c386825d1355add2b1ecc408b37dc2c2334edd7a1a4c9f527e6b594dedcdbf6d949bce2740c3a332e39af1183072a2d068e40d9e9146067a37f
  languageName: node
  linkType: hard

"source-map@npm:^0.6.1":
  version: 0.6.1
  resolution: "source-map@npm:0.6.1"
  checksum: 59ce8640cf3f3124f64ac289012c2b8bd377c238e316fb323ea22fbfe83da07d81e000071d7242cad7a23cd91c7de98e4df8830ec3f133cb6133a5f6e9f67bc2
  languageName: node
  linkType: hard

"spdx-exceptions@npm:^2.1.0":
  version: 2.5.0
  resolution: "spdx-exceptions@npm:2.5.0"
  checksum: bb127d6e2532de65b912f7c99fc66097cdea7d64c10d3ec9b5e96524dbbd7d20e01cba818a6ddb2ae75e62bb0c63d5e277a7e555a85cbc8ab40044984fa4ae15
  languageName: node
  linkType: hard

"spdx-expression-parse@npm:^4.0.0":
  version: 4.0.0
  resolution: "spdx-expression-parse@npm:4.0.0"
  dependencies:
    spdx-exceptions: ^2.1.0
    spdx-license-ids: ^3.0.0
  checksum: 936be681fbf5edeec3a79c023136479f70d6edb3fd3875089ac86cd324c6c8c81add47399edead296d1d0af17ae5ce88c7f88885eb150b62c2ff6e535841ca6a
  languageName: node
  linkType: hard

"spdx-license-ids@npm:^3.0.0":
  version: 3.0.23
  resolution: "spdx-license-ids@npm:3.0.23"
  checksum: e385962db43467942250e2d5be2631bca280913f747a9216543b9410f27daf114c928884f7e5dfc512e829fb9dc05297df1297d46f2cf03626e99f8264b303bf
  languageName: node
  linkType: hard

"statuses@npm:^2.0.1":
  version: 2.0.2
  resolution: "statuses@npm:2.0.2"
  checksum: 6927feb50c2a75b2a4caab2c565491f7a93ad3d8dbad7b1398d52359e9243a20e2ebe35e33726dee945125ef7a515e9097d8a1b910ba2bbd818265a2f6c39879
  languageName: node
  linkType: hard

"string-width@npm:^4.1.0, string-width@npm:^4.2.0":
  version: 4.2.3
  resolution: "string-width@npm:4.2.3"
  dependencies:
    emoji-regex: ^8.0.0
    is-fullwidth-code-point: ^3.0.0
    strip-ansi: ^6.0.1
  checksum: e52c10dc3fbfcd6c3a15f159f54a90024241d0f149cf8aed2982a2d801d2e64df0bf1dc351cf8e95c3319323f9f220c16e740b06faecd53e2462df1d2b5443fb
  languageName: node
  linkType: hard

"string-width@npm:^5.0.1, string-width@npm:^5.1.2":
  version: 5.1.2
  resolution: "string-width@npm:5.1.2"
  dependencies:
    eastasianwidth: ^0.2.0
    emoji-regex: ^9.2.2
    strip-ansi: ^7.0.1
  checksum: 7369deaa29f21dda9a438686154b62c2c5f661f8dda60449088f9f980196f7908fc39fdd1803e3e01541970287cf5deae336798337e9319a7055af89dafa7193
  languageName: node
  linkType: hard

"strip-ansi@npm:^6.0.0, strip-ansi@npm:^6.0.1":
  version: 6.0.1
  resolution: "strip-ansi@npm:6.0.1"
  dependencies:
    ansi-regex: ^5.0.1
  checksum: f3cd25890aef3ba6e1a74e20896c21a46f482e93df4a06567cebf2b57edabb15133f1f94e57434e0a958d61186087b1008e89c94875d019910a213181a14fc8c
  languageName: node
  linkType: hard

"strip-ansi@npm:^7.0.1":
  version: 7.1.0
  resolution: "strip-ansi@npm:7.1.0"
  dependencies:
    ansi-regex: ^6.0.1
  checksum: 859c73fcf27869c22a4e4d8c6acfe690064659e84bef9458aa6d13719d09ca88dcfd40cbf31fd0be63518ea1a643fe070b4827d353e09533a5b0b9fd4553d64d
  languageName: node
  linkType: hard

"supports-color@npm:^7.1.0":
  version: 7.2.0
  resolution: "supports-color@npm:7.2.0"
  dependencies:
    has-flag: ^4.0.0
  checksum: 3dda818de06ebbe5b9653e07842d9479f3555ebc77e9a0280caf5a14fb877ffee9ed57007c3b78f5a6324b8dbeec648d9e97a24e2ed9fdb81ddc69ea07100f4a
  languageName: node
  linkType: hard

"tar@npm:^7.5.19":
  version: 7.5.22
  resolution: "tar@npm:7.5.22"
  dependencies:
    "@isaacs/fs-minipass": ^4.0.0
    chownr: ^3.0.0
    minipass: ^7.1.2
    minizlib: ^3.1.0
    yallist: ^5.0.0
  checksum: e1434f40954410d191ab6d89017bfd40c24869cfd319d19dd74f84db13cbea15370a22bc9b8ecd699d05c2777ec6297f35dac318ed4829b6e776a7cb4f1f7c68
  languageName: node
  linkType: hard

"thenify-all@npm:^1.0.0":
  version: 1.6.0
  resolution: "thenify-all@npm:1.6.0"
  dependencies:
    thenify: ">= 3.1.0 < 4"
  checksum: dba7cc8a23a154cdcb6acb7f51d61511c37a6b077ec5ab5da6e8b874272015937788402fd271fdfc5f187f8cb0948e38d0a42dcc89d554d731652ab458f5343e
  languageName: node
  linkType: hard

"thenify@npm:>= 3.1.0 < 4":
  version: 3.3.1
  resolution: "thenify@npm:3.3.1"
  dependencies:
    any-promise: ^1.0.0
  checksum: 84e1b804bfec49f3531215f17b4a6e50fd4397b5f7c1bccc427b9c656e1ecfb13ea79d899930184f78bc2f57285c54d9a50a590c8868f4f0cef5c1d9f898b05e
  languageName: node
  linkType: hard

"tiny-case@npm:^1.0.3":
  version: 1.0.3
  resolution: "tiny-case@npm:1.0.3"
  checksum: 3f7a30c39d5b0e1bc097b0b271bec14eb5b836093db034f35a0de26c14422380b50dc12bfd37498cf35b192f5df06f28a710712c87ead68872a9e37ad6f6049d
  languageName: node
  linkType: hard

"toposort@npm:^2.0.2":
  version: 2.0.2
  resolution: "toposort@npm:2.0.2"
  checksum: d64c74b570391c9432873f48e231b439ee56bc49f7cb9780b505cfdf5cb832f808d0bae072515d93834dd6bceca5bb34448b5b4b408335e4d4716eaf68195dcb
  languageName: node
  linkType: hard

"tslib@npm:^2.1.0":
  version: 2.8.1
  resolution: "tslib@npm:2.8.1"
  checksum: e4aba30e632b8c8902b47587fd13345e2827fa639e7c3121074d5ee0880723282411a8838f830b55100cbe4517672f84a2472667d355b81e8af165a55dc6203a
  languageName: node
  linkType: hard

"type-fest@npm:^2.13.0, type-fest@npm:^2.19.0":
  version: 2.19.0
  resolution: "type-fest@npm:2.19.0"
  checksum: a4ef07ece297c9fba78fc1bd6d85dff4472fe043ede98bd4710d2615d15776902b595abf62bd78339ed6278f021235fb28a96361f8be86ed754f778973a0d278
  languageName: node
  linkType: hard

"uglify-js@npm:^3.1.4":
  version: 3.19.3
  resolution: "uglify-js@npm:3.19.3"
  bin:
    uglifyjs: bin/uglifyjs
  checksum: 7ed6272fba562eb6a3149cfd13cda662f115847865c03099e3995a0e7a910eba37b82d4fccf9e88271bb2bcbe505bb374967450f433c17fa27aa36d94a8d0553
  languageName: node
  linkType: hard

"undici8@npm:undici@8.10.0":
  version: 8.10.0
  resolution: "undici@npm:8.10.0"
  checksum: 6b7c5442ec67fb4048a07aba719890904be54fbcff83c58b7133011fead67877c970f8b974f5e05aa0c7f5603c726888d8b3648e891af1493e7e362d848d7e9c
  languageName: node
  linkType: hard

"undici@npm:^7.29.0":
  version: 7.29.0
  resolution: "undici@npm:7.29.0"
  checksum: b3327e05259e66c61d3e05242bf63899c68d277302208f4fc1c7c0b880a9ba82651b8b3215584ffd424d8c8410f0114b6c3a89e6af604c703dc33009daa99ed3
  languageName: node
  linkType: hard

"validate-npm-package-name@npm:^7.0.0":
  version: 7.0.2
  resolution: "validate-npm-package-name@npm:7.0.2"
  checksum: 2a9bdc6fd5e4284c8e02279446bfd3c38c0c01222555fd3b00b4765d9d47b217d4a200910be71b80b958f6baf40d2d32e812a8632633a2ce376a9b3b74811072
  languageName: node
  linkType: hard

"vscode-languageserver-textdocument@npm:^1.0.8":
  version: 1.0.13
  resolution: "vscode-languageserver-textdocument@npm:1.0.13"
  checksum: 5baf506eb63f75b0e4c92bbb849c06dc6282549d1390dedd8106a1ebfa7695bcec452379ed97a68bfd7d740ce31afbd7a7fee744bb3d35799d72064920279474
  languageName: node
  linkType: hard

"vscode-languageserver-types@npm:^3.17.3":
  version: 3.18.0
  resolution: "vscode-languageserver-types@npm:3.18.0"
  checksum: 6887e7725ee948bb20b466ce0decc905e2e31828ec2c1e26f18b136e9102d11440c30ea2cd08652f57221b0b1277f1fc4ab51d7bc14d526c975c8c00d05d927b
  languageName: node
  linkType: hard

"which@npm:^6.0.0":
  version: 6.0.1
  resolution: "which@npm:6.0.1"
  dependencies:
    isexe: ^4.0.0
  bin:
    node-which: bin/which.js
  checksum: dbea77c7d3058bf6c78bf9659d2dce4d2b57d39a15b826b2af6ac2e5a219b99dc8a831b79fdbc453c0598adb4f3f84cf9c2491fd52beb9f5d2dececcad117f68
  languageName: node
  linkType: hard

"widest-line@npm:^4.0.1":
  version: 4.0.1
  resolution: "widest-line@npm:4.0.1"
  dependencies:
    string-width: ^5.0.1
  checksum: 64c48cf27171221be5f86fc54b94dd29879165bdff1a7aa92dde723d9a8c99fb108312768a5d62c8c2b80b701fa27bbd36a1ddc58367585cd45c0db7920a0cba
  languageName: node
  linkType: hard

"wordwrap@npm:^1.0.0":
  version: 1.0.0
  resolution: "wordwrap@npm:1.0.0"
  checksum: 2a44b2788165d0a3de71fd517d4880a8e20ea3a82c080ce46e294f0b68b69a2e49cff5f99c600e275c698a90d12c5ea32aff06c311f0db2eb3f1201f3e7b2a04
  languageName: node
  linkType: hard

"wrap-ansi@npm:^6.2.0":
  version: 6.2.0
  resolution: "wrap-ansi@npm:6.2.0"
  dependencies:
    ansi-styles: ^4.0.0
    string-width: ^4.1.0
    strip-ansi: ^6.0.0
  checksum: 6cd96a410161ff617b63581a08376f0cb9162375adeb7956e10c8cd397821f7eb2a6de24eb22a0b28401300bf228c86e50617cd568209b5f6775b93c97d2fe3a
  languageName: node
  linkType: hard

"wrap-ansi@npm:^7.0.0":
  version: 7.0.0
  resolution: "wrap-ansi@npm:7.0.0"
  dependencies:
    ansi-styles: ^4.0.0
    string-width: ^4.1.0
    strip-ansi: ^6.0.0
  checksum: a790b846fd4505de962ba728a21aaeda189b8ee1c7568ca5e817d85930e06ef8d1689d49dbf0e881e8ef84436af3a88bc49115c2e2788d841ff1b8b5b51a608b
  languageName: node
  linkType: hard

"wrap-ansi@npm:^8.1.0":
  version: 8.1.0
  resolution: "wrap-ansi@npm:8.1.0"
  dependencies:
    ansi-styles: ^6.1.0
    string-width: ^5.0.1
    strip-ansi: ^7.0.1
  checksum: 371733296dc2d616900ce15a0049dca0ef67597d6394c57347ba334393599e800bab03c41d4d45221b6bc967b8c453ec3ae4749eff3894202d16800fdfe0e238
  languageName: node
  linkType: hard

"y18n@npm:^5.0.5":
  version: 5.0.8
  resolution: "y18n@npm:5.0.8"
  checksum: 54f0fb95621ee60898a38c572c515659e51cc9d9f787fb109cef6fde4befbe1c4602dc999d30110feee37456ad0f1660fa2edcfde6a9a740f86a290999550d30
  languageName: node
  linkType: hard

"yallist@npm:^5.0.0":
  version: 5.0.0
  resolution: "yallist@npm:5.0.0"
  checksum: eba51182400b9f35b017daa7f419f434424410691bbc5de4f4240cc830fdef906b504424992700dc047f16b4d99100a6f8b8b11175c193f38008e9c96322b6a5
  languageName: node
  linkType: hard

"yargs-parser@npm:^20.2.2":
  version: 20.2.9
  resolution: "yargs-parser@npm:20.2.9"
  checksum: 8bb69015f2b0ff9e17b2c8e6bfe224ab463dd00ca211eece72a4cd8a906224d2703fb8a326d36fdd0e68701e201b2a60ed7cf81ce0fd9b3799f9fe7745977ae3
  languageName: node
  linkType: hard

"yargs@npm:^16.0.0":
  version: 16.2.0
  resolution: "yargs@npm:16.2.0"
  dependencies:
    cliui: ^7.0.2
    escalade: ^3.1.1
    get-caller-file: ^2.0.5
    require-directory: ^2.1.1
    string-width: ^4.2.0
    y18n: ^5.0.5
    yargs-parser: ^20.2.2
  checksum: b14afbb51e3251a204d81937c86a7e9d4bdbf9a2bcee38226c900d00f522969ab675703bee2a6f99f8e20103f608382936034e64d921b74df82b63c07c5e8f59
  languageName: node
  linkType: hard

"yoctocolors-cjs@npm:^2.1.3":
  version: 2.1.3
  resolution: "yoctocolors-cjs@npm:2.1.3"
  checksum: 207df586996c3b604fa85903f81cc54676f1f372613a0c7247f0d24b1ca781905685075d06955211c4d5d4f629d7d5628464f8af0a42d286b7a8ff88e9dadcb8
  languageName: node
  linkType: hard

"yup@npm:^1.3.2":
  version: 1.6.1
  resolution: "yup@npm:1.6.1"
  dependencies:
    property-expr: ^2.0.5
    tiny-case: ^1.0.3
    toposort: ^2.0.2
    type-fest: ^2.19.0
  checksum: 4ef0b15eb01d89a4f15c78c112b588468d553420be6f2f519d0e58a270c96a5bbbf1bff7bc8909851ba8b3df5e1fdb8b34d4a3bd4e9269006c592b3e8580568f
  languageName: node
  linkType: hard
